
Microsoft Visual Studio Solution File, Format Version 12.00
# Visual Studio 15
VisualStudioVersion = 15.0.28010.2036
MinimumVisualStudioVersion = 10.0.40219.1
Project("{FAE04EC0-301F-11D3-BF4B-00C04F79EFBC}") = "WebApplication2", "WebApplication2\WebApplication2.csproj", "{2FAD0B08-70DD-48A7-97F8-3FDE2BD71C5D}"
EndProject
Global
	GlobalSection(SolutionConfigurationPlatforms) = preSolution
		Debug|Any CPU = Debug|Any CPU
		Release|Any CPU = Release|Any CPU
	EndGlobalSection
	GlobalSection(ProjectConfigurationPlatforms) = postSolution
		{2FAD0B08-70DD-48A7-97F8-3FDE2BD71C5D}.Debug|Any CPU.ActiveCfg = Debug|Any CPU
		{2FAD0B08-70DD-48A7-97F8-3FDE2BD71C5D}.Debug|Any CPU.Build.0 = Debug|Any CPU
		{2FAD0B08-70DD-48A7-97F8-3FDE2BD71C5D}.Release|Any CPU.ActiveCfg = Release|Any CPU
		{2FAD0B08-70DD-48A7-97F8-3FDE2BD71C5D}.Release|Any CPU.Build.0 = Release|Any CPU
	EndGlobalSection
	GlobalSection(SolutionProperties) = preSolution
		HideSolutionNode = FALSE
	EndGlobalSection
	GlobalSection(ExtensibilityGlobals) = postSolution
		SolutionGuid = {39086963-091F-4C2D-8635-06074726B36A}
	EndGlobalSection
EndGlobal
